
Microsoft Visual Studio Solution File, Format Version 12.00
# Visual Studio Version 16
VisualStudioVersion = 16.0.30611.23
MinimumVisualStudioVersion = 10.0.40219.1
Project("{FAE04EC0-301F-11D3-BF4B-00C04F79EFBC}") = "Assignment.DiscountShop", "Assignment.DiscountShop\Assignment.DiscountShop.csproj", "{368065A8-2C69-49A1-BC1B-B628445F88E5}"
EndProject
Global
	GlobalSection(SolutionConfigurationPlatforms) = preSolution
		Debug|Any CPU = Debug|Any CPU
		Release|Any CPU = Release|Any CPU
	EndGlobalSection
	GlobalSection(ProjectConfigurationPlatforms) = postSolution
		{368065A8-2C69-49A1-BC1B-B628445F88E5}.Debug|Any CPU.ActiveCfg = Debug|Any CPU
		{368065A8-2C69-49A1-BC1B-B628445F88E5}.Debug|Any CPU.Build.0 = Debug|Any CPU
		{368065A8-2C69-49A1-BC1B-B628445F88E5}.Release|Any CPU.ActiveCfg = Release|Any CPU
		{368065A8-2C69-49A1-BC1B-B628445F88E5}.Release|Any CPU.Build.0 = Release|Any CPU
	EndGlobalSection
	GlobalSection(SolutionProperties) = preSolution
		HideSolutionNode = FALSE
	EndGlobalSection
	GlobalSection(ExtensibilityGlobals) = postSolution
		SolutionGuid = {AC81B58A-7E06-402F-93E2-3260740F217C}
	EndGlobalSection
EndGlobal
